// !$*UTF8*$!
{
	archiveVersion = 1;
	classes = {
	};
	objectVersion = 46;
	objects = {

/* Begin PBXBuildFile section */
		2037516C1C4EC8EA00EAF142 /* AppDelegate.swift in Sources */ = {isa = PBXBuildFile; fileRef = 2037516B1C4EC8EA00EAF142 /* AppDelegate.swift */; };
		2037516E1C4EC8EA00EAF142 /* ViewController.swift in Sources */ = {isa = PBXBuildFile; fileRef = 2037516D1C4EC8EA00EAF142 /* ViewController.swift */; };
		203751711C4EC8EA00EAF142 /* Main.storyboard in Resources */ = {isa = PBXBuildFile; fileRef = 2037516F1C4EC8EA00EAF142 /* Main.storyboard */; };
		203751731C4EC8EA00EAF142 /* Assets.xcassets in Resources */ = {isa = PBXBuildFile; fileRef = 203751721C4EC8EA00EAF142 /* Assets.xcassets */; };
		203751761C4EC8EA00EAF142 /* LaunchScreen.storyboard in Resources */ = {isa = PBXBuildFile; fileRef = 203751741C4EC8EA00EAF142 /* LaunchScreen.storyboard */; };
		203751811C4EC8EA00EAF142 /* GryoscopeTestTests.swift in Sources */ = {isa = PBXBuildFile; fileRef = 203751801C4EC8EA00EAF142 /* GryoscopeTestTests.swift */; };
		2037518C1C4EC8EA00EAF142 /* GryoscopeTestUITests.swift in Sources */ = {isa = PBXBuildFile; fileRef = 2037518B1C4EC8EA00EAF142 /* GryoscopeTestUITests.swift */; };
/* End PBXBuildFile section */

/* Begin PBXContainerItemProxy section */
		2037517D1C4EC8EA00EAF142 /* PBXContainerItemProxy */ = {
			isa = PBXContainerItemProxy;
			containerPortal = 203751601C4EC8EA00EAF142 /* Project object */;
			proxyType = 1;
			remoteGlobalIDString = 203751671C4EC8EA00EAF142;
			remoteInfo = GryoscopeTest;
		};
		203751881C4EC8EA00EAF142 /* PBXContainerItemProxy */ = {
			isa = PBXContainerItemProxy;
			containerPortal = 203751601C4EC8EA00EAF142 /* Project object */;
			proxyType = 1;
			remoteGlobalIDString = 203751671C4EC8EA00EAF142;
			remoteInfo = GryoscopeTest;
		};
/* End PBXContainerItemProxy section */

/* Begin PBXFileReference section */
		203751681C4EC8EA00EAF142 /* GryoscopeTest.app */ = {isa = PBXFileReference; explicitFileType = wrapper.application; includeInIndex = 0; path = GryoscopeTest.app; sourceTree = BUILT_PRODUCTS_DIR; };
		2037516B1C4EC8EA00EAF142 /* AppDelegate.swift */ = {isa = PBXFileReference; lastKnownFileType = sourcecode.swift; path = AppDelegate.swift; sourceTree = "<group>"; };
		2037516D1C4EC8EA00EAF142 /* ViewController.swift */ = {isa = PBXFileReference; lastKnownFileType = sourcecode.swift; path = ViewController.swift; sourceTree = "<group>"; };
		203751701C4EC8EA00EAF142 /* Base */ = {isa = PBXFileReference; lastKnownFileType = file.storyboard; name = Base; path = Base.lproj/Main.storyboard; sourceTree = "<group>"; };
		203751721C4EC8EA00EAF142 /* Assets.xcassets */ = {isa = PBXFileReference; lastKnownFileType = folder.assetcatalog; path = Assets.xcassets; sourceTree = "<group>"; };
		203751751C4EC8EA00EAF142 /* Base */ = {isa = PBXFileReference; lastKnownFileType = file.storyboard; name = Base; path = Base.lproj/LaunchScreen.storyboard; sourceTree = "<group>"; };
		203751771C4EC8EA00EAF142 /* Info.plist */ = {isa = PBXFileReference; lastKnownFileType = text.plist.xml; path = Info.plist; sourceTree = "<group>"; };
		2037517C1C4EC8EA00EAF142 /* GryoscopeTestTests.xctest */ = {isa = PBXFileReference; explicitFileType = wrapper.cfbundle; includeInIndex = 0; path = GryoscopeTestTests.xctest; sourceTree = BUILT_PRODUCTS_DIR; };
		203751801C4EC8EA00EAF142 /* GryoscopeTestTests.swift */ = {isa = PBXFileReference; lastKnownFileType = sourcecode.swift; path = GryoscopeTestTests.swift; sourceTree = "<group>"; };
		203751821C4EC8EA00EAF142 /* Info.plist */ = {isa = PBXFileReference; lastKnownFileType = text.plist.xml; path = Info.plist; sourceTree = "<group>"; };
		203751871C4EC8EA00EAF142 /* GryoscopeTestUITests.xctest */ = {isa = PBXFileReference; explicitFileType = wrapper.cfbundle; includeInIndex = 0; path = GryoscopeTestUITests.xctest; sourceTree = BUILT_PRODUCTS_DIR; };
		2037518B1C4EC8EA00EAF142 /* GryoscopeTestUITests.swift */ = {isa = PBXFileReference; lastKnownFileType = sourcecode.swift; path = GryoscopeTestUITests.swift; sourceTree = "<group>"; };
		2037518D1C4EC8EA00EAF142 /* Info.plist */ = {isa = PBXFileReference; lastKnownFileType = text.plist.xml; path = Info.plist; sourceTree = "<group>"; };
/* End PBXFileReference section */

/* Begin PBXFrameworksBuildPhase section */
		203751651C4EC8EA00EAF142 /* Frameworks */ = {
			isa = PBXFrameworksBuildPhase;
			buildActionMask = 2147483647;
			files = (
			);
			runOnlyForDeploymentPostprocessing = 0;
		};
		203751791C4EC8EA00EAF142 /* Frameworks */ = {
			isa = PBXFrameworksBuildPhase;
			buildActionMask = 2147483647;
			files = (
			);
			runOnlyForDeploymentPostprocessing = 0;
		};
		203751841C4EC8EA00EAF142 /* Frameworks */ = {
			isa = PBXFrameworksBuildPhase;
			buildActionMask = 2147483647;
			files = (
			);
			runOnlyForDeploymentPostprocessing = 0;
		};
/* End PBXFrameworksBuildPhase section */

/* Begin PBXGroup section */
		2037515F1C4EC8EA00EAF142 = {
			isa = PBXGroup;
			children = (
				2037516A1C4EC8EA00EAF142 /* GryoscopeTest */,
				2037517F1C4EC8EA00EAF142 /* GryoscopeTestTests */,
				2037518A1C4EC8EA00EAF142 /* GryoscopeTestUITests */,
				203751691C4EC8EA00EAF142 /* Products */,
			);
			sourceTree = "<group>";
		};
		203751691C4EC8EA00EAF142 /* Products */ = {
			isa = PBXGroup;
			children = (
				203751681C4EC8EA00EAF142 /* GryoscopeTest.app */,
				2037517C1C4EC8EA00EAF142 /* GryoscopeTestTests.xctest */,
				203751871C4EC8EA00EAF142 /* GryoscopeTestUITests.xctest */,
			);
			name = Products;
			sourceTree = "<group>";
		};
		2037516A1C4EC8EA00EAF142 /* GryoscopeTest */ = {
			isa = PBXGroup;
			children = (
				2037516B1C4EC8EA00EAF142 /* AppDelegate.swift */,
				2037516D1C4EC8EA00EAF142 /* ViewController.swift */,
				2037516F1C4EC8EA00EAF142 /* Main.storyboard */,
				203751721C4EC8EA00EAF142 /* Assets.xcassets */,
				203751741C4EC8EA00EAF142 /* LaunchScreen.storyboard */,
				203751771C4EC8EA00EAF142 /* Info.plist */,
			);
			path = GryoscopeTest;
			sourceTree = "<group>";
		};
		2037517F1C4EC8EA00EAF142 /* GryoscopeTestTests */ = {
			isa = PBXGroup;
			children = (
				203751801C4EC8EA00EAF142 /* GryoscopeTestTests.swift */,
				203751821C4EC8EA00EAF142 /* Info.plist */,
			);
			path = GryoscopeTestTests;
			sourceTree = "<group>";
		};
		2037518A1C4EC8EA00EAF142 /* GryoscopeTestUITests */ = {
			isa = PBXGroup;
			children = (
				2037518B1C4EC8EA00EAF142 /* GryoscopeTestUITests.swift */,
				2037518D1C4EC8EA00EAF142 /* Info.plist */,
			);
			path = GryoscopeTestUITests;
			sourceTree = "<group>";
		};
/* End PBXGroup section */

/* Begin PBXNativeTarget section */
		203751671C4EC8EA00EAF142 /* GryoscopeTest */ = {
			isa = PBXNativeTarget;
			buildConfigurationList = 203751901C4EC8EA00EAF142 /* Build configuration list for PBXNativeTarget "GryoscopeTest" */;
			buildPhases = (
				203751641C4EC8EA00EAF142 /* Sources */,
				203751651C4EC8EA00EAF142 /* Frameworks */,
				203751661C4EC8EA00EAF142 /* Resources */,
			);
			buildRules = (
			);
			dependencies = (
			);
			name = GryoscopeTest;
			productName = GryoscopeTest;
			productReference = 203751681C4EC8EA00EAF142 /* GryoscopeTest.app */;
			productType = "com.apple.product-type.application";
		};
		2037517B1C4EC8EA00EAF142 /* GryoscopeTestTests */ = {
			isa = PBXNativeTarget;
			buildConfigurationList = 203751931C4EC8EA00EAF142 /* Build configuration list for PBXNativeTarget "GryoscopeTestTests" */;
			buildPhases = (
				203751781C4EC8EA00EAF142 /* Sources */,
				203751791C4EC8EA00EAF142 /* Frameworks */,
				2037517A1C4EC8EA00EAF142 /* Resources */,
			);
			buildRules = (
			);
			dependencies = (
				2037517E1C4EC8EA00EAF142 /* PBXTargetDependency */,
			);
			name = GryoscopeTestTests;
			productName = GryoscopeTestTests;
			productReference = 2037517C1C4EC8EA00EAF142 /* GryoscopeTestTests.xctest */;
			productType = "com.apple.product-type.bundle.unit-test";
		};
		203751861C4EC8EA00EAF142 /* GryoscopeTestUITests */ = {
			isa = PBXNativeTarget;
			buildConfigurationList = 203751961C4EC8EA00EAF142 /* Build configuration list for PBXNativeTarget "GryoscopeTestUITests" */;
			buildPhases = (
				203751831C4EC8EA00EAF142 /* Sources */,
				203751841C4EC8EA00EAF142 /* Frameworks */,
				203751851C4EC8EA00EAF142 /* Resources */,
			);
			buildRules = (
			);
			dependencies = (
				203751891C4EC8EA00EAF142 /* PBXTargetDependency */,
			);
			name = GryoscopeTestUITests;
			productName = GryoscopeTestUITests;
			productReference = 203751871C4EC8EA00EAF142 /* GryoscopeTestUITests.xctest */;
			productType = "com.apple.product-type.bundle.ui-testing";
		};
/* End PBXNativeTarget section */

/* Begin PBXProject section */
		203751601C4EC8EA00EAF142 /* Project object */ = {
			isa = PBXProject;
			attributes = {
				LastSwiftUpdateCheck = 0720;
				LastUpgradeCheck = 0720;
				ORGANIZATIONNAME = "Martin Roeder";
				TargetAttributes = {
					203751671C4EC8EA00EAF142 = {
						CreatedOnToolsVersion = 7.2;
					};
					2037517B1C4EC8EA00EAF142 = {
						CreatedOnToolsVersion = 7.2;
						TestTargetID = 203751671C4EC8EA00EAF142;
					};
					203751861C4EC8EA00EAF142 = {
						CreatedOnToolsVersion = 7.2;
						TestTargetID = 203751671C4EC8EA00EAF142;
					};
				};
			};
			buildConfigurationList = 203751631C4EC8EA00EAF142 /* Build configuration list for PBXProject "GryoscopeTest" */;
			compatibilityVersion = "Xcode 3.2";
			developmentRegion = English;
			hasScannedForEncodings = 0;
			knownRegions = (
				en,
				Base,
			);
			mainGroup = 2037515F1C4EC8EA00EAF142;
			productRefGroup = 203751691C4EC8EA00EAF142 /* Products */;
			projectDirPath = "";
			projectRoot = "";
			targets = (
				203751671C4EC8EA00EAF142 /* GryoscopeTest */,
				2037517B1C4EC8EA00EAF142 /* GryoscopeTestTests */,
				203751861C4EC8EA00EAF142 /* GryoscopeTestUITests */,
			);
		};
/* End PBXProject section */

/* Begin PBXResourcesBuildPhase section */
		203751661C4EC8EA00EAF142 /* Resources */ = {
			isa = PBXResourcesBuildPhase;
			buildActionMask = 2147483647;
			files = (
				203751761C4EC8EA00EAF142 /* LaunchScreen.storyboard in Resources */,
				203751731C4EC8EA00EAF142 /* Assets.xcassets in Resources */,
				203751711C4EC8EA00EAF142 /* Main.storyboard in Resources */,
			);
			runOnlyForDeploymentPostprocessing = 0;
		};
		2037517A1C4EC8EA00EAF142 /* Resources */ = {
			isa = PBXResourcesBuildPhase;
			buildActionMask = 2147483647;
			files = (
			);
			runOnlyForDeploymentPostprocessing = 0;
		};
		203751851C4EC8EA00EAF142 /* Resources */ = {
			isa = PBXResourcesBuildPhase;
			buildActionMask = 2147483647;
			files = (
			);
			runOnlyForDeploymentPostprocessing = 0;
		};
/* End PBXResourcesBuildPhase section */

/* Begin PBXSourcesBuildPhase section */
		203751641C4EC8EA00EAF142 /* Sources */ = {
			isa = PBXSourcesBuildPhase;
			buildActionMask = 2147483647;
			files = (
				2037516E1C4EC8EA00EAF142 /* ViewController.swift in Sources */,
				2037516C1C4EC8EA00EAF142 /* AppDelegate.swift in Sources */,
			);
			runOnlyForDeploymentPostprocessing = 0;
		};
		203751781C4EC8EA00EAF142 /* Sources */ = {
			isa = PBXSourcesBuildPhase;
			buildActionMask = 2147483647;
			files = (
				203751811C4EC8EA00EAF142 /* GryoscopeTestTests.swift in Sources */,
			);
			runOnlyForDeploymentPostprocessing = 0;
		};
		203751831C4EC8EA00EAF142 /* Sources */ = {
			isa = PBXSourcesBuildPhase;
			buildActionMask = 2147483647;
			files = (
				2037518C1C4EC8EA00EAF142 /* GryoscopeTestUITests.swift in Sources */,
			);
			runOnlyForDeploymentPostprocessing = 0;
		};
/* End PBXSourcesBuildPhase section */

/* Begin PBXTargetDependency section */
		2037517E1C4EC8EA00EAF142 /* PBXTargetDependency */ = {
			isa = PBXTargetDependency;
			target = 203751671C4EC8EA00EAF142 /* GryoscopeTest */;
			targetProxy = 2037517D1C4EC8EA00EAF142 /* PBXContainerItemProxy */;
		};
		203751891C4EC8EA00EAF142 /* PBXTargetDependency */ = {
			isa = PBXTargetDependency;
			target = 203751671C4EC8EA00EAF142 /* GryoscopeTest */;
			targetProxy = 203751881C4EC8EA00EAF142 /* PBXContainerItemProxy */;
		};
/* End PBXTargetDependency section */

/* Begin PBXVariantGroup section */
		2037516F1C4EC8EA00EAF142 /* Main.storyboard */ = {
			isa = PBXVariantGroup;
			children = (
				203751701C4EC8EA00EAF142 /* Base */,
			);
			name = Main.storyboard;
			sourceTree = "<group>";
		};
		203751741C4EC8EA00EAF142 /* LaunchScreen.storyboard */ = {
			isa = PBXVariantGroup;
			children = (
				203751751C4EC8EA00EAF142 /* Base */,
			);
			name = LaunchScreen.storyboard;
			sourceTree = "<group>";
		};
/* End PBXVariantGroup section */

/* Begin XCBuildConfiguration section */
		2037518E1C4EC8EA00EAF142 /* Debug */ = {
			isa = XCBuildConfiguration;
			buildSettings = {
				ALWAYS_SEARCH_USER_PATHS = NO;
				CLANG_CXX_LANGUAGE_STANDARD = "gnu++0x";
				CLANG_CXX_LIBRARY = "libc++";
				CLANG_ENABLE_MODULES = YES;
				CLANG_ENABLE_OBJC_ARC = YES;
				CLANG_WARN_BOOL_CONVERSION = YES;
				CLANG_WARN_CONSTANT_CONVERSION = YES;
				CLANG_WARN_DIRECT_OBJC_ISA_USAGE = YES_ERROR;
				CLANG_WARN_EMPTY_BODY = YES;
				CLANG_WARN_ENUM_CONVERSION = YES;
				CLANG_WARN_INT_CONVERSION = YES;
				CLANG_WARN_OBJC_ROOT_CLASS = YES_ERROR;
				CLANG_WARN_UNREACHABLE_CODE = YES;
				CLANG_WARN__DUPLICATE_METHOD_MATCH = YES;
				"CODE_SIGN_IDENTITY[sdk=iphoneos*]" = "iPhone Developer";
				COPY_PHASE_STRIP = NO;
				DEBUG_INFORMATION_FORMAT = dwarf;
				ENABLE_STRICT_OBJC_MSGSEND = YES;
				ENABLE_TESTABILITY = YES;
				GCC_C_LANGUAGE_STANDARD = gnu99;
				GCC_DYNAMIC_NO_PIC = NO;
				GCC_NO_COMMON_BLOCKS = YES;
				GCC_OPTIMIZATION_LEVEL = 0;
				GCC_PREPROCESSOR_DEFINITIONS = (
					"DEBUG=1",
					"$(inherited)",
				);
				GCC_WARN_64_TO_32_BIT_CONVERSION = YES;
				GCC_WARN_ABOUT_RETURN_TYPE = YES_ERROR;
				GCC_WARN_UNDECLARED_SELECTOR = YES;
				GCC_WARN_UNINITIALIZED_AUTOS = YES_AGGRESSIVE;
				GCC_WARN_UNUSED_FUNCTION = YES;
				GCC_WARN_UNUSED_VARIABLE = YES;
				IPHONEOS_DEPLOYMENT_TARGET = 9.2;
				MTL_ENABLE_DEBUG_INFO = YES;
				ONLY_ACTIVE_ARCH = YES;
				SDKROOT = iphoneos;
				SWIFT_OPTIMIZATION_LEVEL = "-Onone";
				TARGETED_DEVICE_FAMILY = "1,2";
			};
			name = Debug;
		};
		2037518F1C4EC8EA00EAF142 /* Release */ = {
			isa = XCBuildConfiguration;
			buildSettings = {
				ALWAYS_SEARCH_USER_PATHS = NO;
				CLANG_CXX_LANGUAGE_STANDARD = "gnu++0x";
				CLANG_CXX_LIBRARY = "libc++";
				CLANG_ENABLE_MODULES = YES;
				CLANG_ENABLE_OBJC_ARC = YES;
				CLANG_WARN_BOOL_CONVERSION = YES;
				CLANG_WARN_CONSTANT_CONVERSION = YES;
				CLANG_WARN_DIRECT_OBJC_ISA_USAGE = YES_ERROR;
				CLANG_WARN_EMPTY_BODY = YES;
				CLANG_WARN_ENUM_CONVERSION = YES;
				CLANG_WARN_INT_CONVERSION = YES;
				CLANG_WARN_OBJC_ROOT_CLASS = YES_ERROR;
				CLANG_WARN_UNREACHABLE_CODE = YES;
				CLANG_WARN__DUPLICATE_METHOD_MATCH = YES;
				"CODE_SIGN_IDENTITY[sdk=iphoneos*]" = "iPhone Developer";
				COPY_PHASE_STRIP = NO;
				DEBUG_INFORMATION_FORMAT = "dwarf-with-dsym";
				ENABLE_NS_ASSERTIONS = NO;
				ENABLE_STRICT_OBJC_MSGSEND = YES;
				GCC_C_LANGUAGE_STANDARD = gnu99;
				GCC_NO_COMMON_BLOCKS = YES;
				GCC_WARN_64_TO_32_BIT_CONVERSION = YES;
				GCC_WARN_ABOUT_RETURN_TYPE = YES_ERROR;
				GCC_WARN_UNDECLARED_SELECTOR = YES;
				GCC_WARN_UNINITIALIZED_AUTOS = YES_AGGRESSIVE;
				GCC_WARN_UNUSED_FUNCTION = YES;
				GCC_WARN_UNUSED_VARIABLE = YES;
				IPHONEOS_DEPLOYMENT_TARGET = 9.2;
				MTL_ENABLE_DEBUG_INFO = NO;
				SDKROOT = iphoneos;
				TARGETED_DEVICE_FAMILY = "1,2";
				VALIDATE_PRODUCT = YES;
			};
			name = Release;
		};
		203751911C4EC8EA00EAF142 /* Debug */ = {
			isa = XCBuildConfiguration;
			buildSettings = {
				ASSETCATALOG_COMPILER_APPICON_NAME = AppIcon;
				INFOPLIST_FILE = GryoscopeTest/Info.plist;
				LD_RUNPATH_SEARCH_PATHS = "$(inherited) @executable_path/Frameworks";
				PRODUCT_BUNDLE_IDENTIFIER = com.martinroeder.GryoscopeTest;
				PRODUCT_NAME = "$(TARGET_NAME)";
			};
			name = Debug;
		};
		203751921C4EC8EA00EAF142 /* Release */ = {
			isa = XCBuildConfiguration;
			buildSettings = {
				ASSETCATALOG_COMPILER_APPICON_NAME = AppIcon;
				INFOPLIST_FILE = GryoscopeTest/Info.plist;
				LD_RUNPATH_SEARCH_PATHS = "$(inherited) @executable_path/Frameworks";
				PRODUCT_BUNDLE_IDENTIFIER = com.martinroeder.GryoscopeTest;
				PRODUCT_NAME = "$(TARGET_NAME)";
			};
			name = Release;
		};
		203751941C4EC8EA00EAF142 /* Debug */ = {
			isa = XCBuildConfiguration;
			buildSettings = {
				BUNDLE_LOADER = "$(TEST_HOST)";
				INFOPLIST_FILE = GryoscopeTestTests/Info.plist;
				LD_RUNPATH_SEARCH_PATHS = "$(inherited) @executable_path/Frameworks @loader_path/Frameworks";
				PRODUCT_BUNDLE_IDENTIFIER = com.martinroeder.GryoscopeTestTests;
				PRODUCT_NAME = "$(TARGET_NAME)";
				TEST_HOST = "$(BUILT_PRODUCTS_DIR)/GryoscopeTest.app/GryoscopeTest";
			};
			name = Debug;
		};
		203751951C4EC8EA00EAF142 /* Release */ = {
			isa = XCBuildConfiguration;
			buildSettings = {
				BUNDLE_LOADER = "$(TEST_HOST)";
				INFOPLIST_FILE = GryoscopeTestTests/Info.plist;
				LD_RUNPATH_SEARCH_PATHS = "$(inherited) @executable_path/Frameworks @loader_path/Frameworks";
				PRODUCT_BUNDLE_IDENTIFIER = com.martinroeder.GryoscopeTestTests;
				PRODUCT_NAME = "$(TARGET_NAME)";
				TEST_HOST = "$(BUILT_PRODUCTS_DIR)/GryoscopeTest.app/GryoscopeTest";
			};
			name = Release;
		};
		203751971C4EC8EA00EAF142 /* Debug */ = {
			isa = XCBuildConfiguration;
			buildSettings = {
				INFOPLIST_FILE = GryoscopeTestUITests/Info.plist;
				LD_RUNPATH_SEARCH_PATHS = "$(inherited) @executable_path/Frameworks @loader_path/Frameworks";
				PRODUCT_BUNDLE_IDENTIFIER = com.martinroeder.GryoscopeTestUITests;
				PRODUCT_NAME = "$(TARGET_NAME)";
				TEST_TARGET_NAME = GryoscopeTest;
				USES_XCTRUNNER = YES;
			};
			name = Debug;
		};
		203751981C4EC8EA00EAF142 /* Release */ = {
			isa = XCBuildConfiguration;
			buildSettings = {
				INFOPLIST_FILE = GryoscopeTestUITests/Info.plist;
				LD_RUNPATH_SEARCH_PATHS = "$(inherited) @executable_path/Frameworks @loader_path/Frameworks";
				PRODUCT_BUNDLE_IDENTIFIER = com.martinroeder.GryoscopeTestUITests;
				PRODUCT_NAME = "$(TARGET_NAME)";
				TEST_TARGET_NAME = GryoscopeTest;
				USES_XCTRUNNER = YES;
			};
			name = Release;
		};
/* End XCBuildConfiguration section */

/* Begin XCConfigurationList section */
		203751631C4EC8EA00EAF142 /* Build configuration list for PBXProject "GryoscopeTest" */ = {
			isa = XCConfigurationList;
			buildConfigurations = (
				2037518E1C4EC8EA00EAF142 /* Debug */,
				2037518F1C4EC8EA00EAF142 /* Release */,
			);
			defaultConfigurationIsVisible = 0;
			defaultConfigurationName = Release;
		};
		203751901C4EC8EA00EAF142 /* Build configuration list for PBXNativeTarget "GryoscopeTest" */ = {
			isa = XCConfigurationList;
			buildConfigurations = (
				203751911C4EC8EA00EAF142 /* Debug */,
				203751921C4EC8EA00EAF142 /* Release */,
			);
			defaultConfigurationIsVisible = 0;
		};
		203751931C4EC8EA00EAF142 /* Build configuration list for PBXNativeTarget "GryoscopeTestTests" */ = {
			isa = XCConfigurationList;
			buildConfigurations = (
				203751941C4EC8EA00EAF142 /* Debug */,
				203751951C4EC8EA00EAF142 /* Release */,
			);
			defaultConfigurationIsVisible = 0;
		};
		203751961C4EC8EA00EAF142 /* Build configuration list for PBXNativeTarget "GryoscopeTestUITests" */ = {
			isa = XCConfigurationList;
			buildConfigurations = (
				203751971C4EC8EA00EAF142 /* Debug */,
				203751981C4EC8EA00EAF142 /* Release */,
			);
			defaultConfigurationIsVisible = 0;
		};
/* End XCConfigurationList section */
	};
	rootObject = 203751601C4EC8EA00EAF142 /* Project object */;
}
